
Microsoft Visual Studio Solution File, Format Version 12.00
# Visual Studio Version 17
VisualStudioVersion = 17.0.31903.59
MinimumVisualStudioVersion = 10.0.40219.1
Project("{2150E333-8FDC-42A3-9474-1A3956D46DE8}") = "src", "src", "{827E0CD3-B72D-47B6-A68D-7590B98EB39B}"
EndProject
Project("{2150E333-8FDC-42A3-9474-1A3956D46DE8}") = "api", "api", "{81034408-37C8-1011-444E-4C15C2FADA8E}"
EndProject
Project("{FAE04EC0-301F-11D3-BF4B-00C04F79EFBC}") = "LT.ODM.Api", "src\api\LT.ODM.Api\LT.ODM.Api.csproj", "{B0031E0A-919E-4226-82B2-AD38307FF65B}"
EndProject
Project("{FAE04EC0-301F-11D3-BF4B-00C04F79EFBC}") = "LT.ODM.Application", "src\api\LT.ODM.Application\LT.ODM.Application.csproj", "{6A23B99D-CD40-4474-B621-CA14B3D559B7}"
EndProject
Project("{FAE04EC0-301F-11D3-BF4B-00C04F79EFBC}") = "LT.ODM.Infrastructure", "src\api\LT.ODM.Infrastructure\LT.ODM.Infrastructure.csproj", "{2560AEAF-34F1-4D61-8715-89BC8EEB9BAB}"
EndProject
Project("{2150E333-8FDC-42A3-9474-1A3956D46DE8}") = "tests", "tests", "{0AB3BF05-4346-4AA6-1389-037BE0695223}"
EndProject
Project("{FAE04EC0-301F-11D3-BF4B-00C04F79EFBC}") = "LT.ODM.Api.Tests", "tests\LT.ODM.Api.Tests\LT.ODM.Api.Tests.csproj", "{B2E6F5EF-30B6-425B-89F9-D189F899342C}"
EndProject
Global
	GlobalSection(SolutionConfigurationPlatforms) = preSolution
		Debug|Any CPU = Debug|Any CPU
		Debug|x64 = Debug|x64
		Debug|x86 = Debug|x86
		Release|Any CPU = Release|Any CPU
		Release|x64 = Release|x64
		Release|x86 = Release|x86
	EndGlobalSection
	GlobalSection(ProjectConfigurationPlatforms) = postSolution
		{B0031E0A-919E-4226-82B2-AD38307FF65B}.Debug|Any CPU.ActiveCfg = Debug|Any CPU
		{B0031E0A-919E-4226-82B2-AD38307FF65B}.Debug|Any CPU.Build.0 = Debug|Any CPU
		{B0031E0A-919E-4226-82B2-AD38307FF65B}.Debug|x64.ActiveCfg = Debug|Any CPU
		{B0031E0A-919E-4226-82B2-AD38307FF65B}.Debug|x64.Build.0 = Debug|Any CPU
		{B0031E0A-919E-4226-82B2-AD38307FF65B}.Debug|x86.ActiveCfg = Debug|Any CPU
		{B0031E0A-919E-4226-82B2-AD38307FF65B}.Debug|x86.Build.0 = Debug|Any CPU
		{B0031E0A-919E-4226-82B2-AD38307FF65B}.Release|Any CPU.ActiveCfg = Release|Any CPU
		{B0031E0A-919E-4226-82B2-AD38307FF65B}.Release|Any CPU.Build.0 = Release|Any CPU
		{B0031E0A-919E-4226-82B2-AD38307FF65B}.Release|x64.ActiveCfg = Release|Any CPU
		{B0031E0A-919E-4226-82B2-AD38307FF65B}.Release|x64.Build.0 = Release|Any CPU
		{B0031E0A-919E-4226-82B2-AD38307FF65B}.Release|x86.ActiveCfg = Release|Any CPU
		{B0031E0A-919E-4226-82B2-AD38307FF65B}.Release|x86.Build.0 = Release|Any CPU
		{6A23B99D-CD40-4474-B621-CA14B3D559B7}.Debug|Any CPU.ActiveCfg = Debug|Any CPU
		{6A23B99D-CD40-4474-B621-CA14B3D559B7}.Debug|Any CPU.Build.0 = Debug|Any CPU
		{6A23B99D-CD40-4474-B621-CA14B3D559B7}.Debug|x64.ActiveCfg = Debug|Any CPU
		{6A23B99D-CD40-4474-B621-CA14B3D559B7}.Debug|x64.Build.0 = Debug|Any CPU
		{6A23B99D-CD40-4474-B621-CA14B3D559B7}.Debug|x86.ActiveCfg = Debug|Any CPU
		{6A23B99D-CD40-4474-B621-CA14B3D559B7}.Debug|x86.Build.0 = Debug|Any CPU
		{6A23B99D-CD40-4474-B621-CA14B3D559B7}.Release|Any CPU.ActiveCfg = Release|Any CPU
		{6A23B99D-CD40-4474-B621-CA14B3D559B7}.Release|Any CPU.Build.0 = Release|Any CPU
		{6A23B99D-CD40-4474-B621-CA14B3D559B7}.Release|x64.ActiveCfg = Release|Any CPU
		{6A23B99D-CD40-4474-B621-CA14B3D559B7}.Release|x64.Build.0 = Release|Any CPU
		{6A23B99D-CD40-4474-B621-CA14B3D559B7}.Release|x86.ActiveCfg = Release|Any CPU
		{6A23B99D-CD40-4474-B621-CA14B3D559B7}.Release|x86.Build.0 = Release|Any CPU
		{2560AEAF-34F1-4D61-8715-89BC8EEB9BAB}.Debug|Any CPU.ActiveCfg = Debug|Any CPU
		{2560AEAF-34F1-4D61-8715-89BC8EEB9BAB}.Debug|Any CPU.Build.0 = Debug|Any CPU
		{2560AEAF-34F1-4D61-8715-89BC8EEB9BAB}.Debug|x64.ActiveCfg = Debug|Any CPU
		{2560AEAF-34F1-4D61-8715-89BC8EEB9BAB}.Debug|x64.Build.0 = Debug|Any CPU
		{2560AEAF-34F1-4D61-8715-89BC8EEB9BAB}.Debug|x86.ActiveCfg = Debug|Any CPU
		{2560AEAF-34F1-4D61-8715-89BC8EEB9BAB}.Debug|x86.Build.0 = Debug|Any CPU
		{2560AEAF-34F1-4D61-8715-89BC8EEB9BAB}.Release|Any CPU.ActiveCfg = Release|Any CPU
		{2560AEAF-34F1-4D61-8715-89BC8EEB9BAB}.Release|Any CPU.Build.0 = Release|Any CPU
		{2560AEAF-34F1-4D61-8715-89BC8EEB9BAB}.Release|x64.ActiveCfg = Release|Any CPU
		{2560AEAF-34F1-4D61-8715-89BC8EEB9BAB}.Release|x64.Build.0 = Release|Any CPU
		{2560AEAF-34F1-4D61-8715-89BC8EEB9BAB}.Release|x86.ActiveCfg = Release|Any CPU
		{2560AEAF-34F1-4D61-8715-89BC8EEB9BAB}.Release|x86.Build.0 = Release|Any CPU
		{B2E6F5EF-30B6-425B-89F9-D189F899342C}.Debug|Any CPU.ActiveCfg = Debug|Any CPU
		{B2E6F5EF-30B6-425B-89F9-D189F899342C}.Debug|Any CPU.Build.0 = Debug|Any CPU
		{B2E6F5EF-30B6-425B-89F9-D189F899342C}.Debug|x64.ActiveCfg = Debug|Any CPU
		{B2E6F5EF-30B6-425B-89F9-D189F899342C}.Debug|x64.Build.0 = Debug|Any CPU
		{B2E6F5EF-30B6-425B-89F9-D189F899342C}.Debug|x86.ActiveCfg = Debug|Any CPU
		{B2E6F5EF-30B6-425B-89F9-D189F899342C}.Debug|x86.Build.0 = Debug|Any CPU
		{B2E6F5EF-30B6-425B-89F9-D189F899342C}.Release|Any CPU.ActiveCfg = Release|Any CPU
		{B2E6F5EF-30B6-425B-89F9-D189F899342C}.Release|Any CPU.Build.0 = Release|Any CPU
		{B2E6F5EF-30B6-425B-89F9-D189F899342C}.Release|x64.ActiveCfg = Release|Any CPU
		{B2E6F5EF-30B6-425B-89F9-D189F899342C}.Release|x64.Build.0 = Release|Any CPU
		{B2E6F5EF-30B6-425B-89F9-D189F899342C}.Release|x86.ActiveCfg = Release|Any CPU
		{B2E6F5EF-30B6-425B-89F9-D189F899342C}.Release|x86.Build.0 = Release|Any CPU
	EndGlobalSection
	GlobalSection(SolutionProperties) = preSolution
		HideSolutionNode = FALSE
	EndGlobalSection
	GlobalSection(NestedProjects) = preSolution
		{81034408-37C8-1011-444E-4C15C2FADA8E} = {827E0CD3-B72D-47B6-A68D-7590B98EB39B}
		{B0031E0A-919E-4226-82B2-AD38307FF65B} = {81034408-37C8-1011-444E-4C15C2FADA8E}
		{6A23B99D-CD40-4474-B621-CA14B3D559B7} = {81034408-37C8-1011-444E-4C15C2FADA8E}
		{2560AEAF-34F1-4D61-8715-89BC8EEB9BAB} = {81034408-37C8-1011-444E-4C15C2FADA8E}
		{B2E6F5EF-30B6-425B-89F9-D189F899342C} = {0AB3BF05-4346-4AA6-1389-037BE0695223}
	EndGlobalSection
EndGlobal
